
Microsoft Visual Studio Solution File, Format Version 12.00
# Visual Studio Version 17
VisualStudioVersion = 17.9.34607.119
MinimumVisualStudioVersion = 10.0.40219.1
Project("{8BC9CEB8-8B4A-11D0-8D11-00A0C91BC942}") = "examples", "examples\examples.vcxproj", "{BE48C22F-8B07-4539-9798-D68CD8147891}"
EndProject
Project("{2150E333-8FDC-42A3-9474-1A3956D46DE8}") = "include", "include", "{55122D71-990F-4A30-9ED7-4B841FD4A652}"
	ProjectSection(SolutionItems) = preProject
		include\http.hpp = include\http.hpp
	EndProjectSection
EndProject
Global
	GlobalSection(SolutionConfigurationPlatforms) = preSolution
		Debug|x64 = Debug|x64
		Debug|x86 = Debug|x86
		Release|x64 = Release|x64
		Release|x86 = Release|x86
	EndGlobalSection
	GlobalSection(ProjectConfigurationPlatforms) = postSolution
		{BE48C22F-8B07-4539-9798-D68CD8147891}.Debug|x64.ActiveCfg = Debug|x64
		{BE48C22F-8B07-4539-9798-D68CD8147891}.Debug|x64.Build.0 = Debug|x64
		{BE48C22F-8B07-4539-9798-D68CD8147891}.Debug|x86.ActiveCfg = Debug|Win32
		{BE48C22F-8B07-4539-9798-D68CD8147891}.Debug|x86.Build.0 = Debug|Win32
		{BE48C22F-8B07-4539-9798-D68CD8147891}.Release|x64.ActiveCfg = Release|x64
		{BE48C22F-8B07-4539-9798-D68CD8147891}.Release|x64.Build.0 = Release|x64
		{BE48C22F-8B07-4539-9798-D68CD8147891}.Release|x86.ActiveCfg = Release|Win32
		{BE48C22F-8B07-4539-9798-D68CD8147891}.Release|x86.Build.0 = Release|Win32
	EndGlobalSection
	GlobalSection(SolutionProperties) = preSolution
		HideSolutionNode = FALSE
	EndGlobalSection
	GlobalSection(ExtensibilityGlobals) = postSolution
		SolutionGuid = {8FD5EC43-FAAD-4ED1-8F4E-9E5417FEC33C}
	EndGlobalSection
EndGlobal
